// !$*UTF8*$!
{
	archiveVersion = 1;
	classes = {
	};
	objectVersion = 51;
	objects = {

/* Begin PBXBuildFile section */
		04250C3823A518FD00ECB2A6 /* MunicVM.swift in Sources */ = {isa = PBXBuildFile; fileRef = 04250C3723A518FD00ECB2A6 /* MunicVM.swift */; };
		04250C3A23A51CAD00ECB2A6 /* FiltersVC.swift in Sources */ = {isa = PBXBuildFile; fileRef = 04250C3923A51CAD00ECB2A6 /* FiltersVC.swift */; };
		04250C3C23A523F500ECB2A6 /* TitleCell.swift in Sources */ = {isa = PBXBuildFile; fileRef = 04250C3B23A523F500ECB2A6 /* TitleCell.swift */; };
		04250C3E23A52B4E00ECB2A6 /* DistrictVM.swift in Sources */ = {isa = PBXBuildFile; fileRef = 04250C3D23A52B4E00ECB2A6 /* DistrictVM.swift */; };
		04813F2423A53A9500859B96 /* StreetVM.swift in Sources */ = {isa = PBXBuildFile; fileRef = 04813F2323A53A9500859B96 /* StreetVM.swift */; };
		04813F2623A574B100859B96 /* RatingVC.swift in Sources */ = {isa = PBXBuildFile; fileRef = 04813F2523A574B100859B96 /* RatingVC.swift */; };
		04813F2823A58BC600859B96 /* CommentsVC.swift in Sources */ = {isa = PBXBuildFile; fileRef = 04813F2723A58BC600859B96 /* CommentsVC.swift */; };
		04813F2A23A58BE900859B96 /* CommentCell.swift in Sources */ = {isa = PBXBuildFile; fileRef = 04813F2923A58BE900859B96 /* CommentCell.swift */; };
		04BFD0A023AD7D4200486D8B /* UpdateProfile.swift in Sources */ = {isa = PBXBuildFile; fileRef = 04BFD09F23AD7D4200486D8B /* UpdateProfile.swift */; };
		04C4DDA623A6845700E3661E /* Comment.swift in Sources */ = {isa = PBXBuildFile; fileRef = 04C4DDA523A6845700E3661E /* Comment.swift */; };
		04C4DDA823A6858200E3661E /* CommentVM.swift in Sources */ = {isa = PBXBuildFile; fileRef = 04C4DDA723A6858200E3661E /* CommentVM.swift */; };
		0617D8A923A2A15F00ACAA4A /* ResturantVM.swift in Sources */ = {isa = PBXBuildFile; fileRef = 0617D8A823A2A15F00ACAA4A /* ResturantVM.swift */; };
		0617D8AB23A2A17A00ACAA4A /* Resturant.swift in Sources */ = {isa = PBXBuildFile; fileRef = 0617D8AA23A2A17A00ACAA4A /* Resturant.swift */; };
		0621EEBE238D815C008C13C3 /* ResturantICollectionViewmage.swift in Sources */ = {isa = PBXBuildFile; fileRef = 0621EEB8238D815B008C13C3 /* ResturantICollectionViewmage.swift */; };
		0621EEBF238D815C008C13C3 /* ResturantGeneralInfo.swift in Sources */ = {isa = PBXBuildFile; fileRef = 0621EEB9238D815B008C13C3 /* ResturantGeneralInfo.swift */; };
		0621EEC0238D815C008C13C3 /* ResturantActivitiesDirections.swift in Sources */ = {isa = PBXBuildFile; fileRef = 0621EEBA238D815B008C13C3 /* ResturantActivitiesDirections.swift */; };
		0621EEC1238D815C008C13C3 /* ResturantImages.swift in Sources */ = {isa = PBXBuildFile; fileRef = 0621EEBB238D815C008C13C3 /* ResturantImages.swift */; };
		0621EEC2238D815C008C13C3 /* ShowCommentRateCell.swift in Sources */ = {isa = PBXBuildFile; fileRef = 0621EEBC238D815C008C13C3 /* ShowCommentRateCell.swift */; };
		0621EEC3238D815C008C13C3 /* ResturantLocation.swift in Sources */ = {isa = PBXBuildFile; fileRef = 0621EEBD238D815C008C13C3 /* ResturantLocation.swift */; };
		0621EEC5238D81B4008C13C3 /* ResturantDetailsVC.swift in Sources */ = {isa = PBXBuildFile; fileRef = 0621EEC4238D81B4008C13C3 /* ResturantDetailsVC.swift */; };
		0628176F238458CF0002420A /* UserDefaultsAccess.swift in Sources */ = {isa = PBXBuildFile; fileRef = 0628176E238458CF0002420A /* UserDefaultsAccess.swift */; };
		0653BF712382C49600BDC506 /* AppDelegate.swift in Sources */ = {isa = PBXBuildFile; fileRef = 0653BF702382C49600BDC506 /* AppDelegate.swift */; };
		0653BF732382C49600BDC506 /* SceneDelegate.swift in Sources */ = {isa = PBXBuildFile; fileRef = 0653BF722382C49600BDC506 /* SceneDelegate.swift */; };
		0653BF752382C49600BDC506 /* ViewController.swift in Sources */ = {isa = PBXBuildFile; fileRef = 0653BF742382C49600BDC506 /* ViewController.swift */; };
		0653BF782382C49600BDC506 /* Main.storyboard in Resources */ = {isa = PBXBuildFile; fileRef = 0653BF762382C49600BDC506 /* Main.storyboard */; };
		0653BF7A2382C49700BDC506 /* Assets.xcassets in Resources */ = {isa = PBXBuildFile; fileRef = 0653BF792382C49700BDC506 /* Assets.xcassets */; };
		0653BF7D2382C49700BDC506 /* LaunchScreen.storyboard in Resources */ = {isa = PBXBuildFile; fileRef = 0653BF7B2382C49700BDC506 /* LaunchScreen.storyboard */; };
		0653BF8C23830C8400BDC506 /* MainTBC.swift in Sources */ = {isa = PBXBuildFile; fileRef = 0653BF8B23830C8400BDC506 /* MainTBC.swift */; };
		0653BF9E2383133600BDC506 /* ShadowExt.swift in Sources */ = {isa = PBXBuildFile; fileRef = 0653BF8D2383133200BDC506 /* ShadowExt.swift */; };
		0653BFA02383133600BDC506 /* TextFieldExt.swift in Sources */ = {isa = PBXBuildFile; fileRef = 0653BF8F2383133300BDC506 /* TextFieldExt.swift */; };
		0653BFA12383133600BDC506 /* ExtendedView.swift in Sources */ = {isa = PBXBuildFile; fileRef = 0653BF902383133300BDC506 /* ExtendedView.swift */; };
		0653BFA22383133600BDC506 /* NavigationBarExt.swift in Sources */ = {isa = PBXBuildFile; fileRef = 0653BF912383133300BDC506 /* NavigationBarExt.swift */; };
		0653BFA32383133600BDC506 /* ViewExt.swift in Sources */ = {isa = PBXBuildFile; fileRef = 0653BF922383133300BDC506 /* ViewExt.swift */; };
		0653BFA42383133600BDC506 /* CopyableLabel.swift in Sources */ = {isa = PBXBuildFile; fileRef = 0653BF932383133300BDC506 /* CopyableLabel.swift */; };
		0653BFA52383133600BDC506 /* AlertExt.swift in Sources */ = {isa = PBXBuildFile; fileRef = 0653BF942383133400BDC506 /* AlertExt.swift */; };
		0653BFA62383133600BDC506 /* CircleView.swift in Sources */ = {isa = PBXBuildFile; fileRef = 0653BF952383133400BDC506 /* CircleView.swift */; };
		0653BFA72383133600BDC506 /* NavigationExt.swift in Sources */ = {isa = PBXBuildFile; fileRef = 0653BF962383133400BDC506 /* NavigationExt.swift */; };
		0653BFA82383133600BDC506 /* ColorExt.swift in Sources */ = {isa = PBXBuildFile; fileRef = 0653BF972383133500BDC506 /* ColorExt.swift */; };
		0653BFA92383133600BDC506 /* DateExt.swift in Sources */ = {isa = PBXBuildFile; fileRef = 0653BF982383133500BDC506 /* DateExt.swift */; };
		0653BFAA2383133600BDC506 /* JsonableExt.swift in Sources */ = {isa = PBXBuildFile; fileRef = 0653BF992383133500BDC506 /* JsonableExt.swift */; };
		0653BFAB2383133600BDC506 /* CircleExt.swift in Sources */ = {isa = PBXBuildFile; fileRef = 0653BF9A2383133500BDC506 /* CircleExt.swift */; };
		0653BFAC2383133600BDC506 /* SpinnerExt.swift in Sources */ = {isa = PBXBuildFile; fileRef = 0653BF9B2383133500BDC506 /* SpinnerExt.swift */; };
		0653BFAD2383133600BDC506 /* GradientP.swift in Sources */ = {isa = PBXBuildFile; fileRef = 0653BF9C2383133600BDC506 /* GradientP.swift */; };
		0653BFB62383147000BDC506 /* GenericModel.swift in Sources */ = {isa = PBXBuildFile; fileRef = 0653BFB12383147000BDC506 /* GenericModel.swift */; };
		0653BFB72383147000BDC506 /* NetworkManager.swift in Sources */ = {isa = PBXBuildFile; fileRef = 0653BFB22383147000BDC506 /* NetworkManager.swift */; };
		0653BFB82383147000BDC506 /* APIResponse.swift in Sources */ = {isa = PBXBuildFile; fileRef = 0653BFB32383147000BDC506 /* APIResponse.swift */; };
		0653BFB92383147000BDC506 /* ServiceBase.swift in Sources */ = {isa = PBXBuildFile; fileRef = 0653BFB42383147000BDC506 /* ServiceBase.swift */; };
		0653BFBA2383147000BDC506 /* PaginationN.swift in Sources */ = {isa = PBXBuildFile; fileRef = 0653BFB52383147000BDC506 /* PaginationN.swift */; };
		06554F64238DD51800935E21 /* NewsTitleCell.swift in Sources */ = {isa = PBXBuildFile; fileRef = 06554F63238DD51800935E21 /* NewsTitleCell.swift */; };
		06554F66238DD52B00935E21 /* NewsDetailsCell.swift in Sources */ = {isa = PBXBuildFile; fileRef = 06554F65238DD52B00935E21 /* NewsDetailsCell.swift */; };
		06554F68238DD53700935E21 /* NewsImageCell.swift in Sources */ = {isa = PBXBuildFile; fileRef = 06554F67238DD53700935E21 /* NewsImageCell.swift */; };
		06554F6A238DD5AC00935E21 /* NewsDetailsVC.swift in Sources */ = {isa = PBXBuildFile; fileRef = 06554F69238DD5AC00935E21 /* NewsDetailsVC.swift */; };
		0664EF2E238EBFED00E29C9D /* CreateReportVC.swift in Sources */ = {isa = PBXBuildFile; fileRef = 0664EF2D238EBFED00E29C9D /* CreateReportVC.swift */; };
		0664EF30238EC16700E29C9D /* CreateReportTitleCell.swift in Sources */ = {isa = PBXBuildFile; fileRef = 0664EF2F238EC16700E29C9D /* CreateReportTitleCell.swift */; };
		0664EF32238EC17B00E29C9D /* CreateReportDetailsCell.swift in Sources */ = {isa = PBXBuildFile; fileRef = 0664EF31238EC17B00E29C9D /* CreateReportDetailsCell.swift */; };
		0664EF34238EC19300E29C9D /* CreateReportImagesCell.swift in Sources */ = {isa = PBXBuildFile; fileRef = 0664EF33238EC19300E29C9D /* CreateReportImagesCell.swift */; };
		0664EF36238EC1A300E29C9D /* CreateReportSendCell.swift in Sources */ = {isa = PBXBuildFile; fileRef = 0664EF35238EC1A300E29C9D /* CreateReportSendCell.swift */; };
		0664EF39238EC84400E29C9D /* ContactStack.swift in Sources */ = {isa = PBXBuildFile; fileRef = 0664EF38238EC84400E29C9D /* ContactStack.swift */; };
		0664EF3B238ECC9300E29C9D /* MyReportsVC.swift in Sources */ = {isa = PBXBuildFile; fileRef = 0664EF3A238ECC9300E29C9D /* MyReportsVC.swift */; };
		0664EF3E238F1E9F00E29C9D /* ReportCell.swift in Sources */ = {isa = PBXBuildFile; fileRef = 0664EF3D238F1E9F00E29C9D /* ReportCell.swift */; };
		066CBBE8239573D000E118D9 /* Munic.swift in Sources */ = {isa = PBXBuildFile; fileRef = 066CBBE7239573D000E118D9 /* Munic.swift */; };
		066CBBEA2395752700E118D9 /* District.swift in Sources */ = {isa = PBXBuildFile; fileRef = 066CBBE92395752700E118D9 /* District.swift */; };
		066CBBEC2395769E00E118D9 /* Street.swift in Sources */ = {isa = PBXBuildFile; fileRef = 066CBBEB2395769E00E118D9 /* Street.swift */; };
		066CBBEE2395778600E118D9 /* RatingCriteria.swift in Sources */ = {isa = PBXBuildFile; fileRef = 066CBBED2395778600E118D9 /* RatingCriteria.swift */; };
		066CBBF023958F3100E118D9 /* News.swift in Sources */ = {isa = PBXBuildFile; fileRef = 066CBBEF23958F3100E118D9 /* News.swift */; };
		066CBBF223958FED00E118D9 /* NewsVM.swift in Sources */ = {isa = PBXBuildFile; fileRef = 066CBBF123958FED00E118D9 /* NewsVM.swift */; };
		066CBBF62395CA5000E118D9 /* BulletainVM.swift in Sources */ = {isa = PBXBuildFile; fileRef = 066CBBF52395CA5000E118D9 /* BulletainVM.swift */; };
		06800B4D238D2D9600F4CF20 /* GeneralNewsCell.swift in Sources */ = {isa = PBXBuildFile; fileRef = 06800B4C238D2D9600F4CF20 /* GeneralNewsCell.swift */; };
		06800B4F238D2DBE00F4CF20 /* GeneralNewsVC.swift in Sources */ = {isa = PBXBuildFile; fileRef = 06800B4E238D2DBE00F4CF20 /* GeneralNewsVC.swift */; };
		06800B51238D3DE000F4CF20 /* BulletainVC.swift in Sources */ = {isa = PBXBuildFile; fileRef = 06800B50238D3DE000F4CF20 /* BulletainVC.swift */; };
		06800B53238D592900F4CF20 /* AboutVC.swift in Sources */ = {isa = PBXBuildFile; fileRef = 06800B52238D592900F4CF20 /* AboutVC.swift */; };
		068F6B0F2392726E009CFFF2 /* ContactVC.swift in Sources */ = {isa = PBXBuildFile; fileRef = 068F6B0E2392726E009CFFF2 /* ContactVC.swift */; };
		068F6B11239272DA009CFFF2 /* ContactKaseemVC.swift in Sources */ = {isa = PBXBuildFile; fileRef = 068F6B10239272DA009CFFF2 /* ContactKaseemVC.swift */; };
		068F6B14239272F2009CFFF2 /* ContactManagementVC.swift in Sources */ = {isa = PBXBuildFile; fileRef = 068F6B13239272F2009CFFF2 /* ContactManagementVC.swift */; };
		06A6CA52238CA09A00565026 /* FavouritesVC.swift in Sources */ = {isa = PBXBuildFile; fileRef = 06A6CA51238CA09A00565026 /* FavouritesVC.swift */; };
		06BC661923927E4800651171 /* HelpVC.swift in Sources */ = {isa = PBXBuildFile; fileRef = 06BC661823927E4800651171 /* HelpVC.swift */; };
		06BC661B23927EF600651171 /* SettingsStack.swift in Sources */ = {isa = PBXBuildFile; fileRef = 06BC661A23927EF600651171 /* SettingsStack.swift */; };
		06BC661D239288CA00651171 /* CreateBugReportVC.swift in Sources */ = {isa = PBXBuildFile; fileRef = 06BC661C239288CA00651171 /* CreateBugReportVC.swift */; };
		06BC661F23928B2500651171 /* PrivacyVC.swift in Sources */ = {isa = PBXBuildFile; fileRef = 06BC661E23928B2500651171 /* PrivacyVC.swift */; };
		06BC662123928BD100651171 /* InfoVC.swift in Sources */ = {isa = PBXBuildFile; fileRef = 06BC662023928BD100651171 /* InfoVC.swift */; };
		06BC66242392CA4900651171 /* AuthenticationVM.swift in Sources */ = {isa = PBXBuildFile; fileRef = 06BC66232392CA4900651171 /* AuthenticationVM.swift */; };
		06C4451B2396BB6D00DA1569 /* User.swift in Sources */ = {isa = PBXBuildFile; fileRef = 06C4451A2396BB6D00DA1569 /* User.swift */; };
		06C4451D23971FB500DA1569 /* CodableExt.swift in Sources */ = {isa = PBXBuildFile; fileRef = 06C4451C23971FB500DA1569 /* CodableExt.swift */; };
		06C4451F23979F8C00DA1569 /* ReportVM.swift in Sources */ = {isa = PBXBuildFile; fileRef = 06C4451E23979F8C00DA1569 /* ReportVM.swift */; };
		06C445212397A7AB00DA1569 /* Report.swift in Sources */ = {isa = PBXBuildFile; fileRef = 06C445202397A7AB00DA1569 /* Report.swift */; };
		06C6339C238C81330025F3C9 /* ResturantSearchVC.swift in Sources */ = {isa = PBXBuildFile; fileRef = 06C6339B238C81330025F3C9 /* ResturantSearchVC.swift */; };
		06C6339F238C81C40025F3C9 /* ResturantCell.swift in Sources */ = {isa = PBXBuildFile; fileRef = 06C6339E238C81C40025F3C9 /* ResturantCell.swift */; };
		06D1A30B23894416005568D1 /* Cairo-ExtraLight.ttf in Resources */ = {isa = PBXBuildFile; fileRef = 06D1A30523894415005568D1 /* Cairo-ExtraLight.ttf */; };
		06D1A30C23894416005568D1 /* Cairo-Bold.ttf in Resources */ = {isa = PBXBuildFile; fileRef = 06D1A30623894415005568D1 /* Cairo-Bold.ttf */; };
		06D1A30D23894416005568D1 /* Cairo-Light.ttf in Resources */ = {isa = PBXBuildFile; fileRef = 06D1A30723894415005568D1 /* Cairo-Light.ttf */; };
		06D1A30E23894416005568D1 /* Cairo-SemiBold.ttf in Resources */ = {isa = PBXBuildFile; fileRef = 06D1A30823894415005568D1 /* Cairo-SemiBold.ttf */; };
		06D1A30F23894416005568D1 /* Cairo-Black.ttf in Resources */ = {isa = PBXBuildFile; fileRef = 06D1A30923894416005568D1 /* Cairo-Black.ttf */; };
		06D1A31023894416005568D1 /* Cairo-Regular.ttf in Resources */ = {isa = PBXBuildFile; fileRef = 06D1A30A23894416005568D1 /* Cairo-Regular.ttf */; };
		06D1A31223897001005568D1 /* BoardersExt.swift in Sources */ = {isa = PBXBuildFile; fileRef = 06D1A31123897001005568D1 /* BoardersExt.swift */; };
		06D1A3142389705E005568D1 /* HomeVC.swift in Sources */ = {isa = PBXBuildFile; fileRef = 06D1A3132389705E005568D1 /* HomeVC.swift */; };
		06D1A316238970B6005568D1 /* HomeStack.swift in Sources */ = {isa = PBXBuildFile; fileRef = 06D1A315238970B6005568D1 /* HomeStack.swift */; };
		06D1A31823898709005568D1 /* SettingsVC.swift in Sources */ = {isa = PBXBuildFile; fileRef = 06D1A31723898709005568D1 /* SettingsVC.swift */; };
		06D1A31C2389961C005568D1 /* LoginVC.swift in Sources */ = {isa = PBXBuildFile; fileRef = 06D1A31B2389961C005568D1 /* LoginVC.swift */; };
		06D1A31E23899629005568D1 /* RegisterationVC.swift in Sources */ = {isa = PBXBuildFile; fileRef = 06D1A31D23899629005568D1 /* RegisterationVC.swift */; };
		06D275A9238F25B500D9DD39 /* ReportDetailsVC.swift in Sources */ = {isa = PBXBuildFile; fileRef = 06D275A8238F25B500D9DD39 /* ReportDetailsVC.swift */; };
		06D275AC238F261D00D9DD39 /* ReportTitleCell.swift in Sources */ = {isa = PBXBuildFile; fileRef = 06D275AB238F261D00D9DD39 /* ReportTitleCell.swift */; };
		06D275AE238F262B00D9DD39 /* ReportDetailsCell.swift in Sources */ = {isa = PBXBuildFile; fileRef = 06D275AD238F262B00D9DD39 /* ReportDetailsCell.swift */; };
		06D275B0238F263F00D9DD39 /* ReportImagesCell.swift in Sources */ = {isa = PBXBuildFile; fileRef = 06D275AF238F263F00D9DD39 /* ReportImagesCell.swift */; };
		06D275B2238F264B00D9DD39 /* ReportDateCell.swift in Sources */ = {isa = PBXBuildFile; fileRef = 06D275B1238F264B00D9DD39 /* ReportDateCell.swift */; };
		D7A4E03F1BE8F9B9AF5C67B9 /* Pods_Taqyeem.framework in Frameworks */ = {isa = PBXBuildFile; fileRef = 086EACD962037A2A3C3D2916 /* Pods_Taqyeem.framework */; };
/* End PBXBuildFile section */

/* Begin PBXFileReference section */
		04250C3723A518FD00ECB2A6 /* MunicVM.swift */ = {isa = PBXFileReference; lastKnownFileType = sourcecode.swift; path = MunicVM.swift; sourceTree = "<group>"; };
		04250C3923A51CAD00ECB2A6 /* FiltersVC.swift */ = {isa = PBXFileReference; lastKnownFileType = sourcecode.swift; path = FiltersVC.swift; sourceTree = "<group>"; };
		04250C3B23A523F500ECB2A6 /* TitleCell.swift */ = {isa = PBXFileReference; lastKnownFileType = sourcecode.swift; path = TitleCell.swift; sourceTree = "<group>"; };
		04250C3D23A52B4E00ECB2A6 /* DistrictVM.swift */ = {isa = PBXFileReference; lastKnownFileType = sourcecode.swift; path = DistrictVM.swift; sourceTree = "<group>"; };
		04813F2323A53A9500859B96 /* StreetVM.swift */ = {isa = PBXFileReference; lastKnownFileType = sourcecode.swift; path = StreetVM.swift; sourceTree = "<group>"; };
		04813F2523A574B100859B96 /* RatingVC.swift */ = {isa = PBXFileReference; lastKnownFileType = sourcecode.swift; path = RatingVC.swift; sourceTree = "<group>"; };
		04813F2723A58BC600859B96 /* CommentsVC.swift */ = {isa = PBXFileReference; lastKnownFileType = sourcecode.swift; path = CommentsVC.swift; sourceTree = "<group>"; };
		04813F2923A58BE900859B96 /* CommentCell.swift */ = {isa = PBXFileReference; lastKnownFileType = sourcecode.swift; path = CommentCell.swift; sourceTree = "<group>"; };
		04BFD09F23AD7D4200486D8B /* UpdateProfile.swift */ = {isa = PBXFileReference; lastKnownFileType = sourcecode.swift; path = UpdateProfile.swift; sourceTree = "<group>"; };
		04C4DDA523A6845700E3661E /* Comment.swift */ = {isa = PBXFileReference; lastKnownFileType = sourcecode.swift; path = Comment.swift; sourceTree = "<group>"; };
		04C4DDA723A6858200E3661E /* CommentVM.swift */ = {isa = PBXFileReference; lastKnownFileType = sourcecode.swift; path = CommentVM.swift; sourceTree = "<group>"; };
		0617D8A823A2A15F00ACAA4A /* ResturantVM.swift */ = {isa = PBXFileReference; lastKnownFileType = sourcecode.swift; path = ResturantVM.swift; sourceTree = "<group>"; };
		0617D8AA23A2A17A00ACAA4A /* Resturant.swift */ = {isa = PBXFileReference; lastKnownFileType = sourcecode.swift; path = Resturant.swift; sourceTree = "<group>"; };
		0621EEB8238D815B008C13C3 /* ResturantICollectionViewmage.swift */ = {isa = PBXFileReference; fileEncoding = 4; lastKnownFileType = sourcecode.swift; path = ResturantICollectionViewmage.swift; sourceTree = "<group>"; };
		0621EEB9238D815B008C13C3 /* ResturantGeneralInfo.swift */ = {isa = PBXFileReference; fileEncoding = 4; lastKnownFileType = sourcecode.swift; path = ResturantGeneralInfo.swift; sourceTree = "<group>"; };
		0621EEBA238D815B008C13C3 /* ResturantActivitiesDirections.swift */ = {isa = PBXFileReference; fileEncoding = 4; lastKnownFileType = sourcecode.swift; path = ResturantActivitiesDirections.swift; sourceTree = "<group>"; };
		0621EEBB238D815C008C13C3 /* ResturantImages.swift */ = {isa = PBXFileReference; fileEncoding = 4; lastKnownFileType = sourcecode.swift; path = ResturantImages.swift; sourceTree = "<group>"; };
		0621EEBC238D815C008C13C3 /* ShowCommentRateCell.swift */ = {isa = PBXFileReference; fileEncoding = 4; lastKnownFileType = sourcecode.swift; path = ShowCommentRateCell.swift; sourceTree = "<group>"; };
		0621EEBD238D815C008C13C3 /* ResturantLocation.swift */ = {isa = PBXFileReference; fileEncoding = 4; lastKnownFileType = sourcecode.swift; path = ResturantLocation.swift; sourceTree = "<group>"; };
		0621EEC4238D81B4008C13C3 /* ResturantDetailsVC.swift */ = {isa = PBXFileReference; fileEncoding = 4; lastKnownFileType = sourcecode.swift; path = ResturantDetailsVC.swift; sourceTree = "<group>"; };
		0628176E238458CF0002420A /* UserDefaultsAccess.swift */ = {isa = PBXFileReference; lastKnownFileType = sourcecode.swift; path = UserDefaultsAccess.swift; sourceTree = "<group>"; };
		0653BF6D2382C49600BDC506 /* Taqyeem.app */ = {isa = PBXFileReference; explicitFileType = wrapper.application; includeInIndex = 0; path = Taqyeem.app; sourceTree = BUILT_PRODUCTS_DIR; };
		0653BF702382C49600BDC506 /* AppDelegate.swift */ = {isa = PBXFileReference; lastKnownFileType = sourcecode.swift; path = AppDelegate.swift; sourceTree = "<group>"; };
		0653BF722382C49600BDC506 /* SceneDelegate.swift */ = {isa = PBXFileReference; lastKnownFileType = sourcecode.swift; path = SceneDelegate.swift; sourceTree = "<group>"; };
		0653BF742382C49600BDC506 /* ViewController.swift */ = {isa = PBXFileReference; lastKnownFileType = sourcecode.swift; path = ViewController.swift; sourceTree = "<group>"; };
		0653BF772382C49600BDC506 /* Base */ = {isa = PBXFileReference; lastKnownFileType = file.storyboard; name = Base; path = Base.lproj/Main.storyboard; sourceTree = "<group>"; };
		0653BF792382C49700BDC506 /* Assets.xcassets */ = {isa = PBXFileReference; lastKnownFileType = folder.assetcatalog; path = Assets.xcassets; sourceTree = "<group>"; };
		0653BF7C2382C49700BDC506 /* Base */ = {isa = PBXFileReference; lastKnownFileType = file.storyboard; name = Base; path = Base.lproj/LaunchScreen.storyboard; sourceTree = "<group>"; };
		0653BF7E2382C49700BDC506 /* Info.plist */ = {isa = PBXFileReference; lastKnownFileType = text.plist.xml; path = Info.plist; sourceTree = "<group>"; };
		0653BF8B23830C8400BDC506 /* MainTBC.swift */ = {isa = PBXFileReference; lastKnownFileType = sourcecode.swift; path = MainTBC.swift; sourceTree = "<group>"; };
		0653BF8D2383133200BDC506 /* ShadowExt.swift */ = {isa = PBXFileReference; fileEncoding = 4; lastKnownFileType = sourcecode.swift; path = ShadowExt.swift; sourceTree = "<group>"; };
		0653BF8F2383133300BDC506 /* TextFieldExt.swift */ = {isa = PBXFileReference; fileEncoding = 4; lastKnownFileType = sourcecode.swift; path = TextFieldExt.swift; sourceTree = "<group>"; };
		0653BF902383133300BDC506 /* ExtendedView.swift */ = {isa = PBXFileReference; fileEncoding = 4; lastKnownFileType = sourcecode.swift; path = ExtendedView.swift; sourceTree = "<group>"; };
		0653BF912383133300BDC506 /* NavigationBarExt.swift */ = {isa = PBXFileReference; fileEncoding = 4; lastKnownFileType = sourcecode.swift; path = NavigationBarExt.swift; sourceTree = "<group>"; };
		0653BF922383133300BDC506 /* ViewExt.swift */ = {isa = PBXFileReference; fileEncoding = 4; lastKnownFileType = sourcecode.swift; path = ViewExt.swift; sourceTree = "<group>"; };
		0653BF932383133300BDC506 /* CopyableLabel.swift */ = {isa = PBXFileReference; fileEncoding = 4; lastKnownFileType = sourcecode.swift; path = CopyableLabel.swift; sourceTree = "<group>"; };
		0653BF942383133400BDC506 /* AlertExt.swift */ = {isa = PBXFileReference; fileEncoding = 4; lastKnownFileType = sourcecode.swift; path = AlertExt.swift; sourceTree = "<group>"; };
		0653BF952383133400BDC506 /* CircleView.swift */ = {isa = PBXFileReference; fileEncoding = 4; lastKnownFileType = sourcecode.swift; path = CircleView.swift; sourceTree = "<group>"; };
		0653BF962383133400BDC506 /* NavigationExt.swift */ = {isa = PBXFileReference; fileEncoding = 4; lastKnownFileType = sourcecode.swift; path = NavigationExt.swift; sourceTree = "<group>"; };
		0653BF972383133500BDC506 /* ColorExt.swift */ = {isa = PBXFileReference; fileEncoding = 4; lastKnownFileType = sourcecode.swift; path = ColorExt.swift; sourceTree = "<group>"; };
		0653BF982383133500BDC506 /* DateExt.swift */ = {isa = PBXFileReference; fileEncoding = 4; lastKnownFileType = sourcecode.swift; path = DateExt.swift; sourceTree = "<group>"; };
		0653BF992383133500BDC506 /* JsonableExt.swift */ = {isa = PBXFileReference; fileEncoding = 4; lastKnownFileType = sourcecode.swift; path = JsonableExt.swift; sourceTree = "<group>"; };
		0653BF9A2383133500BDC506 /* CircleExt.swift */ = {isa = PBXFileReference; fileEncoding = 4; lastKnownFileType = sourcecode.swift; path = CircleExt.swift; sourceTree = "<group>"; };
		0653BF9B2383133500BDC506 /* SpinnerExt.swift */ = {isa = PBXFileReference; fileEncoding = 4; lastKnownFileType = sourcecode.swift; path = SpinnerExt.swift; sourceTree = "<group>"; };
		0653BF9C2383133600BDC506 /* GradientP.swift */ = {isa = PBXFileReference; fileEncoding = 4; lastKnownFileType = sourcecode.swift; path = GradientP.swift; sourceTree = "<group>"; };
		0653BFB12383147000BDC506 /* GenericModel.swift */ = {isa = PBXFileReference; fileEncoding = 4; lastKnownFileType = sourcecode.swift; path = GenericModel.swift; sourceTree = "<group>"; };
		0653BFB22383147000BDC506 /* NetworkManager.swift */ = {isa = PBXFileReference; fileEncoding = 4; lastKnownFileType = sourcecode.swift; path = NetworkManager.swift; sourceTree = "<group>"; };
		0653BFB32383147000BDC506 /* APIResponse.swift */ = {isa = PBXFileReference; fileEncoding = 4; lastKnownFileType = sourcecode.swift; path = APIResponse.swift; sourceTree = "<group>"; };
		0653BFB42383147000BDC506 /* ServiceBase.swift */ = {isa = PBXFileReference; fileEncoding = 4; lastKnownFileType = sourcecode.swift; path = ServiceBase.swift; sourceTree = "<group>"; };
		0653BFB52383147000BDC506 /* PaginationN.swift */ = {isa = PBXFileReference; fileEncoding = 4; lastKnownFileType = sourcecode.swift; path = PaginationN.swift; sourceTree = "<group>"; };
		06554F63238DD51800935E21 /* NewsTitleCell.swift */ = {isa = PBXFileReference; lastKnownFileType = sourcecode.swift; path = NewsTitleCell.swift; sourceTree = "<group>"; };
		06554F65238DD52B00935E21 /* NewsDetailsCell.swift */ = {isa = PBXFileReference; lastKnownFileType = sourcecode.swift; path = NewsDetailsCell.swift; sourceTree = "<group>"; };
		06554F67238DD53700935E21 /* NewsImageCell.swift */ = {isa = PBXFileReference; lastKnownFileType = sourcecode.swift; path = NewsImageCell.swift; sourceTree = "<group>"; };
		06554F69238DD5AC00935E21 /* NewsDetailsVC.swift */ = {isa = PBXFileReference; lastKnownFileType = sourcecode.swift; path = NewsDetailsVC.swift; sourceTree = "<group>"; };
		0664EF2D238EBFED00E29C9D /* CreateReportVC.swift */ = {isa = PBXFileReference; lastKnownFileType = sourcecode.swift; path = CreateReportVC.swift; sourceTree = "<group>"; };
		0664EF2F238EC16700E29C9D /* CreateReportTitleCell.swift */ = {isa = PBXFileReference; lastKnownFileType = sourcecode.swift; path = CreateReportTitleCell.swift; sourceTree = "<group>"; };
		0664EF31238EC17B00E29C9D /* CreateReportDetailsCell.swift */ = {isa = PBXFileReference; lastKnownFileType = sourcecode.swift; path = CreateReportDetailsCell.swift; sourceTree = "<group>"; };
		0664EF33238EC19300E29C9D /* CreateReportImagesCell.swift */ = {isa = PBXFileReference; lastKnownFileType = sourcecode.swift; path = CreateReportImagesCell.swift; sourceTree = "<group>"; };
		0664EF35238EC1A300E29C9D /* CreateReportSendCell.swift */ = {isa = PBXFileReference; lastKnownFileType = sourcecode.swift; path = CreateReportSendCell.swift; sourceTree = "<group>"; };
		0664EF38238EC84400E29C9D /* ContactStack.swift */ = {isa = PBXFileReference; lastKnownFileType = sourcecode.swift; path = ContactStack.swift; sourceTree = "<group>"; };
		0664EF3A238ECC9300E29C9D /* MyReportsVC.swift */ = {isa = PBXFileReference; lastKnownFileType = sourcecode.swift; path = MyReportsVC.swift; sourceTree = "<group>"; };
		0664EF3D238F1E9F00E29C9D /* ReportCell.swift */ = {isa = PBXFileReference; lastKnownFileType = sourcecode.swift; path = ReportCell.swift; sourceTree = "<group>"; };
		066CBBE7239573D000E118D9 /* Munic.swift */ = {isa = PBXFileReference; lastKnownFileType = sourcecode.swift; path = Munic.swift; sourceTree = "<group>"; };
		066CBBE92395752700E118D9 /* District.swift */ = {isa = PBXFileReference; lastKnownFileType = sourcecode.swift; path = District.swift; sourceTree = "<group>"; };
		066CBBEB2395769E00E118D9 /* Street.swift */ = {isa = PBXFileReference; lastKnownFileType = sourcecode.swift; path = Street.swift; sourceTree = "<group>"; };
		066CBBED2395778600E118D9 /* RatingCriteria.swift */ = {isa = PBXFileReference; lastKnownFileType = sourcecode.swift; path = RatingCriteria.swift; sourceTree = "<group>"; };
		066CBBEF23958F3100E118D9 /* News.swift */ = {isa = PBXFileReference; lastKnownFileType = sourcecode.swift; path = News.swift; sourceTree = "<group>"; };
		066CBBF123958FED00E118D9 /* NewsVM.swift */ = {isa = PBXFileReference; lastKnownFileType = sourcecode.swift; path = NewsVM.swift; sourceTree = "<group>"; };
		066CBBF52395CA5000E118D9 /* BulletainVM.swift */ = {isa = PBXFileReference; lastKnownFileType = sourcecode.swift; path = BulletainVM.swift; sourceTree = "<group>"; };
		06800B4C238D2D9600F4CF20 /* GeneralNewsCell.swift */ = {isa = PBXFileReference; lastKnownFileType = sourcecode.swift; path = GeneralNewsCell.swift; sourceTree = "<group>"; };
		06800B4E238D2DBE00F4CF20 /* GeneralNewsVC.swift */ = {isa = PBXFileReference; lastKnownFileType = sourcecode.swift; path = GeneralNewsVC.swift; sourceTree = "<group>"; };
		06800B50238D3DE000F4CF20 /* BulletainVC.swift */ = {isa = PBXFileReference; lastKnownFileType = sourcecode.swift; path = BulletainVC.swift; sourceTree = "<group>"; };
		06800B52238D592900F4CF20 /* AboutVC.swift */ = {isa = PBXFileReference; lastKnownFileType = sourcecode.swift; path = AboutVC.swift; sourceTree = "<group>"; };
		068F6B0E2392726E009CFFF2 /* ContactVC.swift */ = {isa = PBXFileReference; lastKnownFileType = sourcecode.swift; path = ContactVC.swift; sourceTree = "<group>"; };
		068F6B10239272DA009CFFF2 /* ContactKaseemVC.swift */ = {isa = PBXFileReference; lastKnownFileType = sourcecode.swift; path = ContactKaseemVC.swift; sourceTree = "<group>"; };
		068F6B13239272F2009CFFF2 /* ContactManagementVC.swift */ = {isa = PBXFileReference; lastKnownFileType = sourcecode.swift; path = ContactManagementVC.swift; sourceTree = "<group>"; };
		06A6CA51238CA09A00565026 /* FavouritesVC.swift */ = {isa = PBXFileReference; lastKnownFileType = sourcecode.swift; path = FavouritesVC.swift; sourceTree = "<group>"; };
		06BC661823927E4800651171 /* HelpVC.swift */ = {isa = PBXFileReference; lastKnownFileType = sourcecode.swift; path = HelpVC.swift; sourceTree = "<group>"; };
		06BC661A23927EF600651171 /* SettingsStack.swift */ = {isa = PBXFileReference; lastKnownFileType = sourcecode.swift; path = SettingsStack.swift; sourceTree = "<group>"; };
		06BC661C239288CA00651171 /* CreateBugReportVC.swift */ = {isa = PBXFileReference; lastKnownFileType = sourcecode.swift; path = CreateBugReportVC.swift; sourceTree = "<group>"; };
		06BC661E23928B2500651171 /* PrivacyVC.swift */ = {isa = PBXFileReference; lastKnownFileType = sourcecode.swift; path = PrivacyVC.swift; sourceTree = "<group>"; };
		06BC662023928BD100651171 /* InfoVC.swift */ = {isa = PBXFileReference; lastKnownFileType = sourcecode.swift; path = InfoVC.swift; sourceTree = "<group>"; };
		06BC66232392CA4900651171 /* AuthenticationVM.swift */ = {isa = PBXFileReference; lastKnownFileType = sourcecode.swift; path = AuthenticationVM.swift; sourceTree = "<group>"; };
		06C4451A2396BB6D00DA1569 /* User.swift */ = {isa = PBXFileReference; lastKnownFileType = sourcecode.swift; path = User.swift; sourceTree = "<group>"; };
		06C4451C23971FB500DA1569 /* CodableExt.swift */ = {isa = PBXFileReference; lastKnownFileType = sourcecode.swift; path = CodableExt.swift; sourceTree = "<group>"; };
		06C4451E23979F8C00DA1569 /* ReportVM.swift */ = {isa = PBXFileReference; lastKnownFileType = sourcecode.swift; path = ReportVM.swift; sourceTree = "<group>"; };
		06C445202397A7AB00DA1569 /* Report.swift */ = {isa = PBXFileReference; lastKnownFileType = sourcecode.swift; path = Report.swift; sourceTree = "<group>"; };
		06C6339B238C81330025F3C9 /* ResturantSearchVC.swift */ = {isa = PBXFileReference; lastKnownFileType = sourcecode.swift; path = ResturantSearchVC.swift; sourceTree = "<group>"; };
		06C6339E238C81C40025F3C9 /* ResturantCell.swift */ = {isa = PBXFileReference; lastKnownFileType = sourcecode.swift; path = ResturantCell.swift; sourceTree = "<group>"; };
		06D1A30523894415005568D1 /* Cairo-ExtraLight.ttf */ = {isa = PBXFileReference; lastKnownFileType = file; path = "Cairo-ExtraLight.ttf"; sourceTree = "<group>"; };
		06D1A30623894415005568D1 /* Cairo-Bold.ttf */ = {isa = PBXFileReference; lastKnownFileType = file; path = "Cairo-Bold.ttf"; sourceTree = "<group>"; };
		06D1A30723894415005568D1 /* Cairo-Light.ttf */ = {isa = PBXFileReference; lastKnownFileType = file; path = "Cairo-Light.ttf"; sourceTree = "<group>"; };
		06D1A30823894415005568D1 /* Cairo-SemiBold.ttf */ = {isa = PBXFileReference; lastKnownFileType = file; path = "Cairo-SemiBold.ttf"; sourceTree = "<group>"; };
		06D1A30923894416005568D1 /* Cairo-Black.ttf */ = {isa = PBXFileReference; lastKnownFileType = file; path = "Cairo-Black.ttf"; sourceTree = "<group>"; };
		06D1A30A23894416005568D1 /* Cairo-Regular.ttf */ = {isa = PBXFileReference; lastKnownFileType = file; path = "Cairo-Regular.ttf"; sourceTree = "<group>"; };
		06D1A31123897001005568D1 /* BoardersExt.swift */ = {isa = PBXFileReference; lastKnownFileType = sourcecode.swift; path = BoardersExt.swift; sourceTree = "<group>"; };
		06D1A3132389705E005568D1 /* HomeVC.swift */ = {isa = PBXFileReference; lastKnownFileType = sourcecode.swift; path = HomeVC.swift; sourceTree = "<group>"; };
		06D1A315238970B6005568D1 /* HomeStack.swift */ = {isa = PBXFileReference; lastKnownFileType = sourcecode.swift; path = HomeStack.swift; sourceTree = "<group>"; };
		06D1A31723898709005568D1 /* SettingsVC.swift */ = {isa = PBXFileReference; lastKnownFileType = sourcecode.swift; path = SettingsVC.swift; sourceTree = "<group>"; };
		06D1A31B2389961C005568D1 /* LoginVC.swift */ = {isa = PBXFileReference; lastKnownFileType = sourcecode.swift; path = LoginVC.swift; sourceTree = "<group>"; };
		06D1A31D23899629005568D1 /* RegisterationVC.swift */ = {isa = PBXFileReference; lastKnownFileType = sourcecode.swift; path = RegisterationVC.swift; sourceTree = "<group>"; };
		06D275A8238F25B500D9DD39 /* ReportDetailsVC.swift */ = {isa = PBXFileReference; lastKnownFileType = sourcecode.swift; path = ReportDetailsVC.swift; sourceTree = "<group>"; };
		06D275AB238F261D00D9DD39 /* ReportTitleCell.swift */ = {isa = PBXFileReference; lastKnownFileType = sourcecode.swift; path = ReportTitleCell.swift; sourceTree = "<group>"; };
		06D275AD238F262B00D9DD39 /* ReportDetailsCell.swift */ = {isa = PBXFileReference; lastKnownFileType = sourcecode.swift; path = ReportDetailsCell.swift; sourceTree = "<group>"; };
		06D275AF238F263F00D9DD39 /* ReportImagesCell.swift */ = {isa = PBXFileReference; lastKnownFileType = sourcecode.swift; path = ReportImagesCell.swift; sourceTree = "<group>"; };
		06D275B1238F264B00D9DD39 /* ReportDateCell.swift */ = {isa = PBXFileReference; lastKnownFileType = sourcecode.swift; path = ReportDateCell.swift; sourceTree = "<group>"; };
		086EACD962037A2A3C3D2916 /* Pods_Taqyeem.framework */ = {isa = PBXFileReference; explicitFileType = wrapper.framework; includeInIndex = 0; path = Pods_Taqyeem.framework; sourceTree = BUILT_PRODUCTS_DIR; };
		9E608CF9287CE76AFAE17E84 /* Pods-Taqyeem.release.xcconfig */ = {isa = PBXFileReference; includeInIndex = 1; lastKnownFileType = text.xcconfig; name = "Pods-Taqyeem.release.xcconfig"; path = "Target Support Files/Pods-Taqyeem/Pods-Taqyeem.release.xcconfig"; sourceTree = "<group>"; };
		C15E0DB3D17E60CF752D6BBE /* Pods-Taqyeem.debug.xcconfig */ = {isa = PBXFileReference; includeInIndex = 1; lastKnownFileType = text.xcconfig; name = "Pods-Taqyeem.debug.xcconfig"; path = "Target Support Files/Pods-Taqyeem/Pods-Taqyeem.debug.xcconfig"; sourceTree = "<group>"; };
/* End PBXFileReference section */

/* Begin PBXFrameworksBuildPhase section */
		0653BF6A2382C49600BDC506 /* Frameworks */ = {
			isa = PBXFrameworksBuildPhase;
			buildActionMask = 2147483647;
			files = (
				D7A4E03F1BE8F9B9AF5C67B9 /* Pods_Taqyeem.framework in Frameworks */,
			);
			runOnlyForDeploymentPostprocessing = 0;
		};
/* End PBXFrameworksBuildPhase section */

/* Begin PBXGroup section */
		0653BF642382C49600BDC506 = {
			isa = PBXGroup;
			children = (
				0653BF6F2382C49600BDC506 /* Taqyeem */,
				0653BF6E2382C49600BDC506 /* Products */,
				735947A40DC320A9FC9D1241 /* Pods */,
				73D31A8F833BEF9D9F034A36 /* Frameworks */,
			);
			sourceTree = "<group>";
		};
		0653BF6E2382C49600BDC506 /* Products */ = {
			isa = PBXGroup;
			children = (
				0653BF6D2382C49600BDC506 /* Taqyeem.app */,
			);
			name = Products;
			sourceTree = "<group>";
		};
		0653BF6F2382C49600BDC506 /* Taqyeem */ = {
			isa = PBXGroup;
			children = (
				06BC66222392CA3100651171 /* ViewModels */,
				0653BF8823830BA100BDC506 /* Extensions */,
				0653BF8723830B9B00BDC506 /* Resources */,
				0653BF8623830B8E00BDC506 /* Models */,
				0653BF8523830B8800BDC506 /* Views */,
				0653BF8423830B8100BDC506 /* Controllers */,
				0653BF702382C49600BDC506 /* AppDelegate.swift */,
				0653BF722382C49600BDC506 /* SceneDelegate.swift */,
				0653BF742382C49600BDC506 /* ViewController.swift */,
				0653BF762382C49600BDC506 /* Main.storyboard */,
				0653BF792382C49700BDC506 /* Assets.xcassets */,
				0653BF7B2382C49700BDC506 /* LaunchScreen.storyboard */,
				0653BF7E2382C49700BDC506 /* Info.plist */,
			);
			path = Taqyeem;
			sourceTree = "<group>";
		};
		0653BF8423830B8100BDC506 /* Controllers */ = {
			isa = PBXGroup;
			children = (
				06BC661723927E2D00651171 /* Settings */,
				0664EF37238EC50400E29C9D /* Stacks */,
				06C6339D238C81AD0025F3C9 /* Cells */,
				0653BF8B23830C8400BDC506 /* MainTBC.swift */,
				06D1A3132389705E005568D1 /* HomeVC.swift */,
				06D1A31723898709005568D1 /* SettingsVC.swift */,
				068F6B0E2392726E009CFFF2 /* ContactVC.swift */,
				06D1A31B2389961C005568D1 /* LoginVC.swift */,
				06D1A31D23899629005568D1 /* RegisterationVC.swift */,
				06C6339B238C81330025F3C9 /* ResturantSearchVC.swift */,
				06A6CA51238CA09A00565026 /* FavouritesVC.swift */,
				06800B4E238D2DBE00F4CF20 /* GeneralNewsVC.swift */,
				0621EEC4238D81B4008C13C3 /* ResturantDetailsVC.swift */,
				06800B50238D3DE000F4CF20 /* BulletainVC.swift */,
				06800B52238D592900F4CF20 /* AboutVC.swift */,
				06554F69238DD5AC00935E21 /* NewsDetailsVC.swift */,
				0664EF2D238EBFED00E29C9D /* CreateReportVC.swift */,
				0664EF3A238ECC9300E29C9D /* MyReportsVC.swift */,
				06D275A8238F25B500D9DD39 /* ReportDetailsVC.swift */,
				068F6B10239272DA009CFFF2 /* ContactKaseemVC.swift */,
				068F6B13239272F2009CFFF2 /* ContactManagementVC.swift */,
				04250C3923A51CAD00ECB2A6 /* FiltersVC.swift */,
				04813F2523A574B100859B96 /* RatingVC.swift */,
				04813F2723A58BC600859B96 /* CommentsVC.swift */,
				04BFD09F23AD7D4200486D8B /* UpdateProfile.swift */,
			);
			path = Controllers;
			sourceTree = "<group>";
		};
		0653BF8523830B8800BDC506 /* Views */ = {
			isa = PBXGroup;
			children = (
			);
			path = Views;
			sourceTree = "<group>";
		};
		0653BF8623830B8E00BDC506 /* Models */ = {
			isa = PBXGroup;
			children = (
				066CBBE7239573D000E118D9 /* Munic.swift */,
				066CBBE92395752700E118D9 /* District.swift */,
				066CBBEB2395769E00E118D9 /* Street.swift */,
				066CBBED2395778600E118D9 /* RatingCriteria.swift */,
				066CBBEF23958F3100E118D9 /* News.swift */,
				06C4451A2396BB6D00DA1569 /* User.swift */,
				06C445202397A7AB00DA1569 /* Report.swift */,
				0617D8AA23A2A17A00ACAA4A /* Resturant.swift */,
				04C4DDA523A6845700E3661E /* Comment.swift */,
			);
			path = Models;
			sourceTree = "<group>";
		};
		0653BF8723830B9B00BDC506 /* Resources */ = {
			isa = PBXGroup;
			children = (
				06D1A30423894400005568D1 /* Fonts */,
				0653BFB32383147000BDC506 /* APIResponse.swift */,
				0653BFB12383147000BDC506 /* GenericModel.swift */,
				0653BFB22383147000BDC506 /* NetworkManager.swift */,
				0653BFB52383147000BDC506 /* PaginationN.swift */,
				0653BFB42383147000BDC506 /* ServiceBase.swift */,
				0628176E238458CF0002420A /* UserDefaultsAccess.swift */,
			);
			path = Resources;
			sourceTree = "<group>";
		};
		0653BF8823830BA100BDC506 /* Extensions */ = {
			isa = PBXGroup;
			children = (
				0653BF942383133400BDC506 /* AlertExt.swift */,
				06D1A31123897001005568D1 /* BoardersExt.swift */,
				0653BF9A2383133500BDC506 /* CircleExt.swift */,
				0653BF952383133400BDC506 /* CircleView.swift */,
				0653BF972383133500BDC506 /* ColorExt.swift */,
				0653BF932383133300BDC506 /* CopyableLabel.swift */,
				0653BF982383133500BDC506 /* DateExt.swift */,
				0653BF902383133300BDC506 /* ExtendedView.swift */,
				0653BF9C2383133600BDC506 /* GradientP.swift */,
				0653BF992383133500BDC506 /* JsonableExt.swift */,
				0653BF912383133300BDC506 /* NavigationBarExt.swift */,
				0653BF962383133400BDC506 /* NavigationExt.swift */,
				0653BF8D2383133200BDC506 /* ShadowExt.swift */,
				0653BF9B2383133500BDC506 /* SpinnerExt.swift */,
				0653BF8F2383133300BDC506 /* TextFieldExt.swift */,
				0653BF922383133300BDC506 /* ViewExt.swift */,
				06C4451C23971FB500DA1569 /* CodableExt.swift */,
			);
			path = Extensions;
			sourceTree = "<group>";
		};
		06554F62238DD4EB00935E21 /* NewsCells */ = {
			isa = PBXGroup;
			children = (
				06554F63238DD51800935E21 /* NewsTitleCell.swift */,
				06554F65238DD52B00935E21 /* NewsDetailsCell.swift */,
				06554F67238DD53700935E21 /* NewsImageCell.swift */,
			);
			path = NewsCells;
			sourceTree = "<group>";
		};
		0664EF2C238EA51F00E29C9D /* CreateReports */ = {
			isa = PBXGroup;
			children = (
				0664EF2F238EC16700E29C9D /* CreateReportTitleCell.swift */,
				0664EF31238EC17B00E29C9D /* CreateReportDetailsCell.swift */,
				0664EF33238EC19300E29C9D /* CreateReportImagesCell.swift */,
				0664EF35238EC1A300E29C9D /* CreateReportSendCell.swift */,
			);
			path = CreateReports;
			sourceTree = "<group>";
		};
		0664EF37238EC50400E29C9D /* Stacks */ = {
			isa = PBXGroup;
			children = (
				06D1A315238970B6005568D1 /* HomeStack.swift */,
				0664EF38238EC84400E29C9D /* ContactStack.swift */,
				06BC661A23927EF600651171 /* SettingsStack.swift */,
			);
			path = Stacks;
			sourceTree = "<group>";
		};
		0664EF3C238ED82900E29C9D /* ResturantDetails */ = {
			isa = PBXGroup;
			children = (
			);
			path = ResturantDetails;
			sourceTree = "<group>";
		};
		06BC661723927E2D00651171 /* Settings */ = {
			isa = PBXGroup;
			children = (
				06BC661823927E4800651171 /* HelpVC.swift */,
				06BC661C239288CA00651171 /* CreateBugReportVC.swift */,
				06BC661E23928B2500651171 /* PrivacyVC.swift */,
				06BC662023928BD100651171 /* InfoVC.swift */,
			);
			path = Settings;
			sourceTree = "<group>";
		};
		06BC66222392CA3100651171 /* ViewModels */ = {
			isa = PBXGroup;
			children = (
				06BC66232392CA4900651171 /* AuthenticationVM.swift */,
				066CBBF123958FED00E118D9 /* NewsVM.swift */,
				066CBBF52395CA5000E118D9 /* BulletainVM.swift */,
				06C4451E23979F8C00DA1569 /* ReportVM.swift */,
				0617D8A823A2A15F00ACAA4A /* ResturantVM.swift */,
				04250C3723A518FD00ECB2A6 /* MunicVM.swift */,
				04250C3D23A52B4E00ECB2A6 /* DistrictVM.swift */,
				04813F2323A53A9500859B96 /* StreetVM.swift */,
				04C4DDA723A6858200E3661E /* CommentVM.swift */,
			);
			path = ViewModels;
			sourceTree = "<group>";
		};
		06C6339D238C81AD0025F3C9 /* Cells */ = {
			isa = PBXGroup;
			children = (
				06D275AA238F25F600D9DD39 /* ReportDetails */,
				0664EF3C238ED82900E29C9D /* ResturantDetails */,
				0664EF2C238EA51F00E29C9D /* CreateReports */,
				06554F62238DD4EB00935E21 /* NewsCells */,
				0621EEBA238D815B008C13C3 /* ResturantActivitiesDirections.swift */,
				0621EEB9238D815B008C13C3 /* ResturantGeneralInfo.swift */,
				0621EEB8238D815B008C13C3 /* ResturantICollectionViewmage.swift */,
				0621EEBB238D815C008C13C3 /* ResturantImages.swift */,
				0621EEBD238D815C008C13C3 /* ResturantLocation.swift */,
				0621EEBC238D815C008C13C3 /* ShowCommentRateCell.swift */,
				06C6339E238C81C40025F3C9 /* ResturantCell.swift */,
				06800B4C238D2D9600F4CF20 /* GeneralNewsCell.swift */,
				0664EF3D238F1E9F00E29C9D /* ReportCell.swift */,
				04250C3B23A523F500ECB2A6 /* TitleCell.swift */,
				04813F2923A58BE900859B96 /* CommentCell.swift */,
			);
			path = Cells;
			sourceTree = "<group>";
		};
		06D1A30423894400005568D1 /* Fonts */ = {
			isa = PBXGroup;
			children = (
				06D1A30923894416005568D1 /* Cairo-Black.ttf */,
				06D1A30623894415005568D1 /* Cairo-Bold.ttf */,
				06D1A30523894415005568D1 /* Cairo-ExtraLight.ttf */,
				06D1A30723894415005568D1 /* Cairo-Light.ttf */,
				06D1A30A23894416005568D1 /* Cairo-Regular.ttf */,
				06D1A30823894415005568D1 /* Cairo-SemiBold.ttf */,
			);
			path = Fonts;
			sourceTree = "<group>";
		};
		06D275AA238F25F600D9DD39 /* ReportDetails */ = {
			isa = PBXGroup;
			children = (
				06D275AB238F261D00D9DD39 /* ReportTitleCell.swift */,
				06D275AD238F262B00D9DD39 /* ReportDetailsCell.swift */,
				06D275AF238F263F00D9DD39 /* ReportImagesCell.swift */,
				06D275B1238F264B00D9DD39 /* ReportDateCell.swift */,
			);
			path = ReportDetails;
			sourceTree = "<group>";
		};
		735947A40DC320A9FC9D1241 /* Pods */ = {
			isa = PBXGroup;
			children = (
				C15E0DB3D17E60CF752D6BBE /* Pods-Taqyeem.debug.xcconfig */,
				9E608CF9287CE76AFAE17E84 /* Pods-Taqyeem.release.xcconfig */,
			);
			path = Pods;
			sourceTree = "<group>";
		};
		73D31A8F833BEF9D9F034A36 /* Frameworks */ = {
			isa = PBXGroup;
			children = (
				086EACD962037A2A3C3D2916 /* Pods_Taqyeem.framework */,
			);
			name = Frameworks;
			sourceTree = "<group>";
		};
/* End PBXGroup section */

/* Begin PBXNativeTarget section */
		0653BF6C2382C49600BDC506 /* Taqyeem */ = {
			isa = PBXNativeTarget;
			buildConfigurationList = 0653BF812382C49700BDC506 /* Build configuration list for PBXNativeTarget "Taqyeem" */;
			buildPhases = (
				EB890C2C178B357FC2F100A7 /* [CP] Check Pods Manifest.lock */,
				0653BF692382C49600BDC506 /* Sources */,
				0653BF6A2382C49600BDC506 /* Frameworks */,
				0653BF6B2382C49600BDC506 /* Resources */,
				4CF443C47864B6FD0B216B7E /* [CP] Embed Pods Frameworks */,
			);
			buildRules = (
			);
			dependencies = (
			);
			name = Taqyeem;
			productName = Taqyeem;
			productReference = 0653BF6D2382C49600BDC506 /* Taqyeem.app */;
			productType = "com.apple.product-type.application";
		};
/* End PBXNativeTarget section */

/* Begin PBXProject section */
		0653BF652382C49600BDC506 /* Project object */ = {
			isa = PBXProject;
			attributes = {
				LastSwiftUpdateCheck = 1100;
				LastUpgradeCheck = 1100;
				ORGANIZATIONNAME = mazeedit;
				TargetAttributes = {
					0653BF6C2382C49600BDC506 = {
						CreatedOnToolsVersion = 11.0;
					};
				};
			};
			buildConfigurationList = 0653BF682382C49600BDC506 /* Build configuration list for PBXProject "Taqyeem" */;
			compatibilityVersion = "Xcode 9.3";
			developmentRegion = en;
			hasScannedForEncodings = 0;
			knownRegions = (
				en,
				Base,
			);
			mainGroup = 0653BF642382C49600BDC506;
			productRefGroup = 0653BF6E2382C49600BDC506 /* Products */;
			projectDirPath = "";
			projectRoot = "";
			targets = (
				0653BF6C2382C49600BDC506 /* Taqyeem */,
			);
		};
/* End PBXProject section */

/* Begin PBXResourcesBuildPhase section */
		0653BF6B2382C49600BDC506 /* Resources */ = {
			isa = PBXResourcesBuildPhase;
			buildActionMask = 2147483647;
			files = (
				06D1A31023894416005568D1 /* Cairo-Regular.ttf in Resources */,
				0653BF7D2382C49700BDC506 /* LaunchScreen.storyboard in Resources */,
				06D1A30C23894416005568D1 /* Cairo-Bold.ttf in Resources */,
				0653BF7A2382C49700BDC506 /* Assets.xcassets in Resources */,
				06D1A30F23894416005568D1 /* Cairo-Black.ttf in Resources */,
				0653BF782382C49600BDC506 /* Main.storyboard in Resources */,
				06D1A30D23894416005568D1 /* Cairo-Light.ttf in Resources */,
				06D1A30B23894416005568D1 /* Cairo-ExtraLight.ttf in Resources */,
				06D1A30E23894416005568D1 /* Cairo-SemiBold.ttf in Resources */,
			);
			runOnlyForDeploymentPostprocessing = 0;
		};
/* End PBXResourcesBuildPhase section */

/* Begin PBXShellScriptBuildPhase section */
		4CF443C47864B6FD0B216B7E /* [CP] Embed Pods Frameworks */ = {
			isa = PBXShellScriptBuildPhase;
			buildActionMask = 2147483647;
			files = (
			);
			inputFileListPaths = (
				"${PODS_ROOT}/Target Support Files/Pods-Taqyeem/Pods-Taqyeem-frameworks-${CONFIGURATION}-input-files.xcfilelist",
			);
			name = "[CP] Embed Pods Frameworks";
			outputFileListPaths = (
				"${PODS_ROOT}/Target Support Files/Pods-Taqyeem/Pods-Taqyeem-frameworks-${CONFIGURATION}-output-files.xcfilelist",
			);
			runOnlyForDeploymentPostprocessing = 0;
			shellPath = /bin/sh;
			shellScript = "\"${PODS_ROOT}/Target Support Files/Pods-Taqyeem/Pods-Taqyeem-frameworks.sh\"\n";
			showEnvVarsInLog = 0;
		};
		EB890C2C178B357FC2F100A7 /* [CP] Check Pods Manifest.lock */ = {
			isa = PBXShellScriptBuildPhase;
			buildActionMask = 2147483647;
			files = (
			);
			inputFileListPaths = (
			);
			inputPaths = (
				"${PODS_PODFILE_DIR_PATH}/Podfile.lock",
				"${PODS_ROOT}/Manifest.lock",
			);
			name = "[CP] Check Pods Manifest.lock";
			outputFileListPaths = (
			);
			outputPaths = (
				"$(DERIVED_FILE_DIR)/Pods-Taqyeem-checkManifestLockResult.txt",
			);
			runOnlyForDeploymentPostprocessing = 0;
			shellPath = /bin/sh;
			shellScript = "diff \"${PODS_PODFILE_DIR_PATH}/Podfile.lock\" \"${PODS_ROOT}/Manifest.lock\" > /dev/null\nif [ $? != 0 ] ; then\n    # print error to STDERR\n    echo \"error: The sandbox is not in sync with the Podfile.lock. Run 'pod install' or update your CocoaPods installation.\" >&2\n    exit 1\nfi\n# This output is used by Xcode 'outputs' to avoid re-running this script phase.\necho \"SUCCESS\" > \"${SCRIPT_OUTPUT_FILE_0}\"\n";
			showEnvVarsInLog = 0;
		};
/* End PBXShellScriptBuildPhase section */

/* Begin PBXSourcesBuildPhase section */
		0653BF692382C49600BDC506 /* Sources */ = {
			isa = PBXSourcesBuildPhase;
			buildActionMask = 2147483647;
			files = (
				06800B51238D3DE000F4CF20 /* BulletainVC.swift in Sources */,
				0621EEC5238D81B4008C13C3 /* ResturantDetailsVC.swift in Sources */,
				0653BFA82383133600BDC506 /* ColorExt.swift in Sources */,
				04BFD0A023AD7D4200486D8B /* UpdateProfile.swift in Sources */,
				06D1A3142389705E005568D1 /* HomeVC.swift in Sources */,
				04250C3823A518FD00ECB2A6 /* MunicVM.swift in Sources */,
				06BC66242392CA4900651171 /* AuthenticationVM.swift in Sources */,
				0653BFA12383133600BDC506 /* ExtendedView.swift in Sources */,
				06C6339C238C81330025F3C9 /* ResturantSearchVC.swift in Sources */,
				0653BFAC2383133600BDC506 /* SpinnerExt.swift in Sources */,
				0621EEC1238D815C008C13C3 /* ResturantImages.swift in Sources */,
				0653BFB62383147000BDC506 /* GenericModel.swift in Sources */,
				06BC661B23927EF600651171 /* SettingsStack.swift in Sources */,
				066CBBEE2395778600E118D9 /* RatingCriteria.swift in Sources */,
				0653BFB72383147000BDC506 /* NetworkManager.swift in Sources */,
				06554F68238DD53700935E21 /* NewsImageCell.swift in Sources */,
				0621EEC3238D815C008C13C3 /* ResturantLocation.swift in Sources */,
				06D275B0238F263F00D9DD39 /* ReportImagesCell.swift in Sources */,
				04250C3A23A51CAD00ECB2A6 /* FiltersVC.swift in Sources */,
				06BC661923927E4800651171 /* HelpVC.swift in Sources */,
				0653BFAD2383133600BDC506 /* GradientP.swift in Sources */,
				0653BFA32383133600BDC506 /* ViewExt.swift in Sources */,
				068F6B0F2392726E009CFFF2 /* ContactVC.swift in Sources */,
				06554F6A238DD5AC00935E21 /* NewsDetailsVC.swift in Sources */,
				0664EF3E238F1E9F00E29C9D /* ReportCell.swift in Sources */,
				0653BFB82383147000BDC506 /* APIResponse.swift in Sources */,
				04C4DDA623A6845700E3661E /* Comment.swift in Sources */,
				06D1A31E23899629005568D1 /* RegisterationVC.swift in Sources */,
				04813F2823A58BC600859B96 /* CommentsVC.swift in Sources */,
				06C4451D23971FB500DA1569 /* CodableExt.swift in Sources */,
				0653BFB92383147000BDC506 /* ServiceBase.swift in Sources */,
				06D275A9238F25B500D9DD39 /* ReportDetailsVC.swift in Sources */,
				066CBBEA2395752700E118D9 /* District.swift in Sources */,
				0653BFA72383133600BDC506 /* NavigationExt.swift in Sources */,
				0664EF30238EC16700E29C9D /* CreateReportTitleCell.swift in Sources */,
				0653BFA22383133600BDC506 /* NavigationBarExt.swift in Sources */,
				0653BFA02383133600BDC506 /* TextFieldExt.swift in Sources */,
				06D275AE238F262B00D9DD39 /* ReportDetailsCell.swift in Sources */,
				0653BFA92383133600BDC506 /* DateExt.swift in Sources */,
				04250C3E23A52B4E00ECB2A6 /* DistrictVM.swift in Sources */,
				0653BFA42383133600BDC506 /* CopyableLabel.swift in Sources */,
				066CBBF62395CA5000E118D9 /* BulletainVM.swift in Sources */,
				066CBBE8239573D000E118D9 /* Munic.swift in Sources */,
				04813F2423A53A9500859B96 /* StreetVM.swift in Sources */,
				0621EEBE238D815C008C13C3 /* ResturantICollectionViewmage.swift in Sources */,
				0621EEBF238D815C008C13C3 /* ResturantGeneralInfo.swift in Sources */,
				0628176F238458CF0002420A /* UserDefaultsAccess.swift in Sources */,
				0653BFA52383133600BDC506 /* AlertExt.swift in Sources */,
				066CBBF023958F3100E118D9 /* News.swift in Sources */,
				0664EF3B238ECC9300E29C9D /* MyReportsVC.swift in Sources */,
				04250C3C23A523F500ECB2A6 /* TitleCell.swift in Sources */,
				0653BF752382C49600BDC506 /* ViewController.swift in Sources */,
				0664EF39238EC84400E29C9D /* ContactStack.swift in Sources */,
				04C4DDA823A6858200E3661E /* CommentVM.swift in Sources */,
				0653BFAB2383133600BDC506 /* CircleExt.swift in Sources */,
				0664EF36238EC1A300E29C9D /* CreateReportSendCell.swift in Sources */,
				06554F66238DD52B00935E21 /* NewsDetailsCell.swift in Sources */,
				0621EEC0238D815C008C13C3 /* ResturantActivitiesDirections.swift in Sources */,
				0664EF2E238EBFED00E29C9D /* CreateReportVC.swift in Sources */,
				0617D8AB23A2A17A00ACAA4A /* Resturant.swift in Sources */,
				06D275B2238F264B00D9DD39 /* ReportDateCell.swift in Sources */,
				06554F64238DD51800935E21 /* NewsTitleCell.swift in Sources */,
				04813F2A23A58BE900859B96 /* CommentCell.swift in Sources */,
				068F6B11239272DA009CFFF2 /* ContactKaseemVC.swift in Sources */,
				0664EF34238EC19300E29C9D /* CreateReportImagesCell.swift in Sources */,
				06BC662123928BD100651171 /* InfoVC.swift in Sources */,
				0653BFA62383133600BDC506 /* CircleView.swift in Sources */,
				0653BFBA2383147000BDC506 /* PaginationN.swift in Sources */,
				06BC661D239288CA00651171 /* CreateBugReportVC.swift in Sources */,
				06D1A31223897001005568D1 /* BoardersExt.swift in Sources */,
				0653BF712382C49600BDC506 /* AppDelegate.swift in Sources */,
				06A6CA52238CA09A00565026 /* FavouritesVC.swift in Sources */,
				04813F2623A574B100859B96 /* RatingVC.swift in Sources */,
				06D1A316238970B6005568D1 /* HomeStack.swift in Sources */,
				06D1A31C2389961C005568D1 /* LoginVC.swift in Sources */,
				0653BFAA2383133600BDC506 /* JsonableExt.swift in Sources */,
				06BC661F23928B2500651171 /* PrivacyVC.swift in Sources */,
				0653BF8C23830C8400BDC506 /* MainTBC.swift in Sources */,
				066CBBEC2395769E00E118D9 /* Street.swift in Sources */,
				06C445212397A7AB00DA1569 /* Report.swift in Sources */,
				06800B4D238D2D9600F4CF20 /* GeneralNewsCell.swift in Sources */,
				06C4451B2396BB6D00DA1569 /* User.swift in Sources */,
				0653BF9E2383133600BDC506 /* ShadowExt.swift in Sources */,
				0653BF732382C49600BDC506 /* SceneDelegate.swift in Sources */,
				068F6B14239272F2009CFFF2 /* ContactManagementVC.swift in Sources */,
				06D275AC238F261D00D9DD39 /* ReportTitleCell.swift in Sources */,
				066CBBF223958FED00E118D9 /* NewsVM.swift in Sources */,
				0664EF32238EC17B00E29C9D /* CreateReportDetailsCell.swift in Sources */,
				0617D8A923A2A15F00ACAA4A /* ResturantVM.swift in Sources */,
				06800B53238D592900F4CF20 /* AboutVC.swift in Sources */,
				06C4451F23979F8C00DA1569 /* ReportVM.swift in Sources */,
				06C6339F238C81C40025F3C9 /* ResturantCell.swift in Sources */,
				06800B4F238D2DBE00F4CF20 /* GeneralNewsVC.swift in Sources */,
				06D1A31823898709005568D1 /* SettingsVC.swift in Sources */,
				0621EEC2238D815C008C13C3 /* ShowCommentRateCell.swift in Sources */,
			);
			runOnlyForDeploymentPostprocessing = 0;
		};
/* End PBXSourcesBuildPhase section */

/* Begin PBXVariantGroup section */
		0653BF762382C49600BDC506 /* Main.storyboard */ = {
			isa = PBXVariantGroup;
			children = (
				0653BF772382C49600BDC506 /* Base */,
			);
			name = Main.storyboard;
			sourceTree = "<group>";
		};
		0653BF7B2382C49700BDC506 /* LaunchScreen.storyboard */ = {
			isa = PBXVariantGroup;
			children = (
				0653BF7C2382C49700BDC506 /* Base */,
			);
			name = LaunchScreen.storyboard;
			sourceTree = "<group>";
		};
/* End PBXVariantGroup section */

/* Begin XCBuildConfiguration section */
		0653BF7F2382C49700BDC506 /* Debug */ = {
			isa = XCBuildConfiguration;
			buildSettings = {
				ALWAYS_SEARCH_USER_PATHS = NO;
				CLANG_ANALYZER_NONNULL = YES;
				CLANG_ANALYZER_NUMBER_OBJECT_CONVERSION = YES_AGGRESSIVE;
				CLANG_CXX_LANGUAGE_STANDARD = "gnu++14";
				CLANG_CXX_LIBRARY = "libc++";
				CLANG_ENABLE_MODULES = YES;
				CLANG_ENABLE_OBJC_ARC = YES;
				CLANG_ENABLE_OBJC_WEAK = YES;
				CLANG_WARN_BLOCK_CAPTURE_AUTORELEASING = YES;
				CLANG_WARN_BOOL_CONVERSION = YES;
				CLANG_WARN_COMMA = YES;
				CLANG_WARN_CONSTANT_CONVERSION = YES;
				CLANG_WARN_DEPRECATED_OBJC_IMPLEMENTATIONS = YES;
				CLANG_WARN_DIRECT_OBJC_ISA_USAGE = YES_ERROR;
				CLANG_WARN_DOCUMENTATION_COMMENTS = YES;
				CLANG_WARN_EMPTY_BODY = YES;
				CLANG_WARN_ENUM_CONVERSION = YES;
				CLANG_WARN_INFINITE_RECURSION = YES;
				CLANG_WARN_INT_CONVERSION = YES;
				CLANG_WARN_NON_LITERAL_NULL_CONVERSION = YES;
				CLANG_WARN_OBJC_IMPLICIT_RETAIN_SELF = YES;
				CLANG_WARN_OBJC_LITERAL_CONVERSION = YES;
				CLANG_WARN_OBJC_ROOT_CLASS = YES_ERROR;
				CLANG_WARN_RANGE_LOOP_ANALYSIS = YES;
				CLANG_WARN_STRICT_PROTOTYPES = YES;
				CLANG_WARN_SUSPICIOUS_MOVE = YES;
				CLANG_WARN_UNGUARDED_AVAILABILITY = YES_AGGRESSIVE;
				CLANG_WARN_UNREACHABLE_CODE = YES;
				CLANG_WARN__DUPLICATE_METHOD_MATCH = YES;
				COPY_PHASE_STRIP = NO;
				DEBUG_INFORMATION_FORMAT = dwarf;
				ENABLE_STRICT_OBJC_MSGSEND = YES;
				ENABLE_TESTABILITY = YES;
				GCC_C_LANGUAGE_STANDARD = gnu11;
				GCC_DYNAMIC_NO_PIC = NO;
				GCC_NO_COMMON_BLOCKS = YES;
				GCC_OPTIMIZATION_LEVEL = 0;
				GCC_PREPROCESSOR_DEFINITIONS = (
					"DEBUG=1",
					"$(inherited)",
				);
				GCC_WARN_64_TO_32_BIT_CONVERSION = YES;
				GCC_WARN_ABOUT_RETURN_TYPE = YES_ERROR;
				GCC_WARN_UNDECLARED_SELECTOR = YES;
				GCC_WARN_UNINITIALIZED_AUTOS = YES_AGGRESSIVE;
				GCC_WARN_UNUSED_FUNCTION = YES;
				GCC_WARN_UNUSED_VARIABLE = YES;
				IPHONEOS_DEPLOYMENT_TARGET = 13.0;
				MTL_ENABLE_DEBUG_INFO = INCLUDE_SOURCE;
				MTL_FAST_MATH = YES;
				ONLY_ACTIVE_ARCH = YES;
				SDKROOT = iphoneos;
				SWIFT_ACTIVE_COMPILATION_CONDITIONS = DEBUG;
				SWIFT_OPTIMIZATION_LEVEL = "-Onone";
			};
			name = Debug;
		};
		0653BF802382C49700BDC506 /* Release */ = {
			isa = XCBuildConfiguration;
			buildSettings = {
				ALWAYS_SEARCH_USER_PATHS = NO;
				CLANG_ANALYZER_NONNULL = YES;
				CLANG_ANALYZER_NUMBER_OBJECT_CONVERSION = YES_AGGRESSIVE;
				CLANG_CXX_LANGUAGE_STANDARD = "gnu++14";
				CLANG_CXX_LIBRARY = "libc++";
				CLANG_ENABLE_MODULES = YES;
				CLANG_ENABLE_OBJC_ARC = YES;
				CLANG_ENABLE_OBJC_WEAK = YES;
				CLANG_WARN_BLOCK_CAPTURE_AUTORELEASING = YES;
				CLANG_WARN_BOOL_CONVERSION = YES;
				CLANG_WARN_COMMA = YES;
				CLANG_WARN_CONSTANT_CONVERSION = YES;
				CLANG_WARN_DEPRECATED_OBJC_IMPLEMENTATIONS = YES;
				CLANG_WARN_DIRECT_OBJC_ISA_USAGE = YES_ERROR;
				CLANG_WARN_DOCUMENTATION_COMMENTS = YES;
				CLANG_WARN_EMPTY_BODY = YES;
				CLANG_WARN_ENUM_CONVERSION = YES;
				CLANG_WARN_INFINITE_RECURSION = YES;
				CLANG_WARN_INT_CONVERSION = YES;
				CLANG_WARN_NON_LITERAL_NULL_CONVERSION = YES;
				CLANG_WARN_OBJC_IMPLICIT_RETAIN_SELF = YES;
				CLANG_WARN_OBJC_LITERAL_CONVERSION = YES;
				CLANG_WARN_OBJC_ROOT_CLASS = YES_ERROR;
				CLANG_WARN_RANGE_LOOP_ANALYSIS = YES;
				CLANG_WARN_STRICT_PROTOTYPES = YES;
				CLANG_WARN_SUSPICIOUS_MOVE = YES;
				CLANG_WARN_UNGUARDED_AVAILABILITY = YES_AGGRESSIVE;
				CLANG_WARN_UNREACHABLE_CODE = YES;
				CLANG_WARN__DUPLICATE_METHOD_MATCH = YES;
				COPY_PHASE_STRIP = NO;
				DEBUG_INFORMATION_FORMAT = "dwarf-with-dsym";
				ENABLE_NS_ASSERTIONS = NO;
				ENABLE_STRICT_OBJC_MSGSEND = YES;
				GCC_C_LANGUAGE_STANDARD = gnu11;
				GCC_NO_COMMON_BLOCKS = YES;
				GCC_WARN_64_TO_32_BIT_CONVERSION = YES;
				GCC_WARN_ABOUT_RETURN_TYPE = YES_ERROR;
				GCC_WARN_UNDECLARED_SELECTOR = YES;
				GCC_WARN_UNINITIALIZED_AUTOS = YES_AGGRESSIVE;
				GCC_WARN_UNUSED_FUNCTION = YES;
				GCC_WARN_UNUSED_VARIABLE = YES;
				IPHONEOS_DEPLOYMENT_TARGET = 13.0;
				MTL_ENABLE_DEBUG_INFO = NO;
				MTL_FAST_MATH = YES;
				SDKROOT = iphoneos;
				SWIFT_COMPILATION_MODE = wholemodule;
				SWIFT_OPTIMIZATION_LEVEL = "-O";
				VALIDATE_PRODUCT = YES;
			};
			name = Release;
		};
		0653BF822382C49700BDC506 /* Debug */ = {
			isa = XCBuildConfiguration;
			baseConfigurationReference = C15E0DB3D17E60CF752D6BBE /* Pods-Taqyeem.debug.xcconfig */;
			buildSettings = {
				ASSETCATALOG_COMPILER_APPICON_NAME = AppIcon;
				CODE_SIGN_STYLE = Automatic;
				CURRENT_PROJECT_VERSION = 3;
				DEVELOPMENT_TEAM = U54GNAM74P;
				INFOPLIST_FILE = Taqyeem/Info.plist;
				LD_RUNPATH_SEARCH_PATHS = (
					"$(inherited)",
					"@executable_path/Frameworks",
				);
				PRODUCT_BUNDLE_IDENTIFIER = com.mazeedit.Taqyeem;
				PRODUCT_NAME = "$(TARGET_NAME)";
				SWIFT_VERSION = 5.0;
				TARGETED_DEVICE_FAMILY = 1;
			};
			name = Debug;
		};
		0653BF832382C49700BDC506 /* Release */ = {
			isa = XCBuildConfiguration;
			baseConfigurationReference = 9E608CF9287CE76AFAE17E84 /* Pods-Taqyeem.release.xcconfig */;
			buildSettings = {
				ASSETCATALOG_COMPILER_APPICON_NAME = AppIcon;
				CODE_SIGN_STYLE = Automatic;
				CURRENT_PROJECT_VERSION = 3;
				DEVELOPMENT_TEAM = U54GNAM74P;
				INFOPLIST_FILE = Taqyeem/Info.plist;
				LD_RUNPATH_SEARCH_PATHS = (
					"$(inherited)",
					"@executable_path/Frameworks",
				);
				PRODUCT_BUNDLE_IDENTIFIER = com.mazeedit.Taqyeem;
				PRODUCT_NAME = "$(TARGET_NAME)";
				SWIFT_VERSION = 5.0;
				TARGETED_DEVICE_FAMILY = 1;
			};
			name = Release;
		};
/* End XCBuildConfiguration section */

/* Begin XCConfigurationList section */
		0653BF682382C49600BDC506 /* Build configuration list for PBXProject "Taqyeem" */ = {
			isa = XCConfigurationList;
			buildConfigurations = (
				0653BF7F2382C49700BDC506 /* Debug */,
				0653BF802382C49700BDC506 /* Release */,
			);
			defaultConfigurationIsVisible = 0;
			defaultConfigurationName = Release;
		};
		0653BF812382C49700BDC506 /* Build configuration list for PBXNativeTarget "Taqyeem" */ = {
			isa = XCConfigurationList;
			buildConfigurations = (
				0653BF822382C49700BDC506 /* Debug */,
				0653BF832382C49700BDC506 /* Release */,
			);
			defaultConfigurationIsVisible = 0;
			defaultConfigurationName = Release;
		};
/* End XCConfigurationList section */
	};
	rootObject = 0653BF652382C49600BDC506 /* Project object */;
}
